
Microsoft Visual Studio Solution File, Format Version 12.00
# Visual Studio Version 16
VisualStudioVersion = 16.0.31613.86
MinimumVisualStudioVersion = 10.0.40219.1
Project("{9A19103F-16F7-4668-BE54-9A1E7A4F7556}") = "DAL", "DAL\DAL.csproj", "{03868C95-8889-43EC-924B-AA183D38C60E}"
EndProject
Project("{2150E333-8FDC-42A3-9474-1A3956D46DE8}") = "Solution Items", "Solution Items", "{F5AF9865-E365-4803-BE34-E10FAE7B7D85}"
	ProjectSection(SolutionItems) = preProject
		README.md = README.md
	EndProjectSection
EndProject
Project("{9A19103F-16F7-4668-BE54-9A1E7A4F7556}") = "UnitTests", "UnitTests\UnitTests.csproj", "{7542A033-FC8A-4A31-9016-73916BE77EB8}"
EndProject
Project("{9A19103F-16F7-4668-BE54-9A1E7A4F7556}") = "BLL", "BLL\BLL.csproj", "{F47FEFB5-3E71-471E-B4A1-83C357278B9E}"
EndProject
Project("{9A19103F-16F7-4668-BE54-9A1E7A4F7556}") = "PL", "PL\PL.csproj", "{79C3C4F1-8B47-4EBD-B0E9-D84D59D64BA1}"
EndProject
Global
	GlobalSection(SolutionConfigurationPlatforms) = preSolution
		Debug|Any CPU = Debug|Any CPU
		Release|Any CPU = Release|Any CPU
	EndGlobalSection
	GlobalSection(ProjectConfigurationPlatforms) = postSolution
		{03868C95-8889-43EC-924B-AA183D38C60E}.Debug|Any CPU.ActiveCfg = Debug|Any CPU
		{03868C95-8889-43EC-924B-AA183D38C60E}.Debug|Any CPU.Build.0 = Debug|Any CPU
		{03868C95-8889-43EC-924B-AA183D38C60E}.Release|Any CPU.ActiveCfg = Release|Any CPU
		{03868C95-8889-43EC-924B-AA183D38C60E}.Release|Any CPU.Build.0 = Release|Any CPU
		{7542A033-FC8A-4A31-9016-73916BE77EB8}.Debug|Any CPU.ActiveCfg = Debug|Any CPU
		{7542A033-FC8A-4A31-9016-73916BE77EB8}.Debug|Any CPU.Build.0 = Debug|Any CPU
		{7542A033-FC8A-4A31-9016-73916BE77EB8}.Release|Any CPU.ActiveCfg = Release|Any CPU
		{7542A033-FC8A-4A31-9016-73916BE77EB8}.Release|Any CPU.Build.0 = Release|Any CPU
		{F47FEFB5-3E71-471E-B4A1-83C357278B9E}.Debug|Any CPU.ActiveCfg = Debug|Any CPU
		{F47FEFB5-3E71-471E-B4A1-83C357278B9E}.Debug|Any CPU.Build.0 = Debug|Any CPU
		{F47FEFB5-3E71-471E-B4A1-83C357278B9E}.Release|Any CPU.ActiveCfg = Release|Any CPU
		{F47FEFB5-3E71-471E-B4A1-83C357278B9E}.Release|Any CPU.Build.0 = Release|Any CPU
		{79C3C4F1-8B47-4EBD-B0E9-D84D59D64BA1}.Debug|Any CPU.ActiveCfg = Debug|Any CPU
		{79C3C4F1-8B47-4EBD-B0E9-D84D59D64BA1}.Debug|Any CPU.Build.0 = Debug|Any CPU
		{79C3C4F1-8B47-4EBD-B0E9-D84D59D64BA1}.Release|Any CPU.ActiveCfg = Release|Any CPU
		{79C3C4F1-8B47-4EBD-B0E9-D84D59D64BA1}.Release|Any CPU.Build.0 = Release|Any CPU
	EndGlobalSection
	GlobalSection(SolutionProperties) = preSolution
		HideSolutionNode = FALSE
	EndGlobalSection
	GlobalSection(ExtensibilityGlobals) = postSolution
		SolutionGuid = {D62C14DB-A10B-449D-8063-293481DBE101}
	EndGlobalSection
EndGlobal
